
Microsoft Visual Studio Solution File, Format Version 12.00
# Visual Studio Version 17
VisualStudioVersion = 17.2.32630.192
MinimumVisualStudioVersion = 10.0.40219.1
Project("{FAE04EC0-301F-11D3-BF4B-00C04F79EFBC}") = "EmpConsole", "..\EmpConsole\EmpConsole.csproj", "{494FA642-BE1B-4469-ADD6-FB925A8F5265}"
EndProject
Project("{FAE04EC0-301F-11D3-BF4B-00C04F79EFBC}") = "EmpBL", "EmpBL\EmpBL.csproj", "{A782BCAE-CDDC-4DCD-89B8-92690615D52B}"
EndProject
Project("{2150E333-8FDC-42A3-9474-1A3956D46DE8}") = "Lab-4", "Lab-4", "{415F50C8-3168-4D61-8BBD-D527F42F08AC}"
EndProject
Project("{FAE04EC0-301F-11D3-BF4B-00C04F79EFBC}") = "BookBL", "Lab-4\BookBL\BookBL.csproj", "{E610F7E0-126F-4F46-8483-79659761AD0C}"
EndProject
Project("{FAE04EC0-301F-11D3-BF4B-00C04F79EFBC}") = "BookShop1", "Lab-4\BookShop1\BookShop1.csproj", "{5918362F-6E77-46DA-B834-F1B9DD6987B8}"
EndProject
Global
	GlobalSection(SolutionConfigurationPlatforms) = preSolution
		Debug|Any CPU = Debug|Any CPU
		Release|Any CPU = Release|Any CPU
	EndGlobalSection
	GlobalSection(ProjectConfigurationPlatforms) = postSolution
		{494FA642-BE1B-4469-ADD6-FB925A8F5265}.Debug|Any CPU.ActiveCfg = Debug|Any CPU
		{494FA642-BE1B-4469-ADD6-FB925A8F5265}.Debug|Any CPU.Build.0 = Debug|Any CPU
		{494FA642-BE1B-4469-ADD6-FB925A8F5265}.Release|Any CPU.ActiveCfg = Release|Any CPU
		{494FA642-BE1B-4469-ADD6-FB925A8F5265}.Release|Any CPU.Build.0 = Release|Any CPU
		{A782BCAE-CDDC-4DCD-89B8-92690615D52B}.Debug|Any CPU.ActiveCfg = Debug|Any CPU
		{A782BCAE-CDDC-4DCD-89B8-92690615D52B}.Debug|Any CPU.Build.0 = Debug|Any CPU
		{A782BCAE-CDDC-4DCD-89B8-92690615D52B}.Release|Any CPU.ActiveCfg = Release|Any CPU
		{A782BCAE-CDDC-4DCD-89B8-92690615D52B}.Release|Any CPU.Build.0 = Release|Any CPU
		{E610F7E0-126F-4F46-8483-79659761AD0C}.Debug|Any CPU.ActiveCfg = Debug|Any CPU
		{E610F7E0-126F-4F46-8483-79659761AD0C}.Debug|Any CPU.Build.0 = Debug|Any CPU
		{E610F7E0-126F-4F46-8483-79659761AD0C}.Release|Any CPU.ActiveCfg = Release|Any CPU
		{E610F7E0-126F-4F46-8483-79659761AD0C}.Release|Any CPU.Build.0 = Release|Any CPU
		{5918362F-6E77-46DA-B834-F1B9DD6987B8}.Debug|Any CPU.ActiveCfg = Debug|Any CPU
		{5918362F-6E77-46DA-B834-F1B9DD6987B8}.Debug|Any CPU.Build.0 = Debug|Any CPU
		{5918362F-6E77-46DA-B834-F1B9DD6987B8}.Release|Any CPU.ActiveCfg = Release|Any CPU
		{5918362F-6E77-46DA-B834-F1B9DD6987B8}.Release|Any CPU.Build.0 = Release|Any CPU
	EndGlobalSection
	GlobalSection(SolutionProperties) = preSolution
		HideSolutionNode = FALSE
	EndGlobalSection
	GlobalSection(NestedProjects) = preSolution
		{E610F7E0-126F-4F46-8483-79659761AD0C} = {415F50C8-3168-4D61-8BBD-D527F42F08AC}
		{5918362F-6E77-46DA-B834-F1B9DD6987B8} = {415F50C8-3168-4D61-8BBD-D527F42F08AC}
	EndGlobalSection
	GlobalSection(ExtensibilityGlobals) = postSolution
		SolutionGuid = {E450D3E5-6151-43A7-9782-1FA3A099A4CF}
	EndGlobalSection
EndGlobal
